
Microsoft Visual Studio Solution File, Format Version 12.00
# Visual Studio 16
Project("{8BC9CEB8-8B4A-11D0-8D11-00A0C91BC942}") = "Flare", "Flare\Flare.vcxproj", "{0F982E0D-7BAC-56BE-442E-FA1DB00153EF}"
EndProject
Project("{8BC9CEB8-8B4A-11D0-8D11-00A0C91BC942}") = "GoogleTest", "UnitTest\vendor\GoogleTest\GoogleTest.vcxproj", "{A2790B43-8E31-4D90-F738-26ECE30FE880}"
EndProject
Project("{8BC9CEB8-8B4A-11D0-8D11-00A0C91BC942}") = "Sandbox", "Sandbox\Sandbox.vcxproj", "{F4C124E3-60A1-A37E-69B9-2E55D5170AE0}"
EndProject
Project("{8BC9CEB8-8B4A-11D0-8D11-00A0C91BC942}") = "UnitTest", "UnitTest\UnitTest.vcxproj", "{E5A465FE-D171-C009-FA8A-AEB1E6B6F597}"
EndProject
Project("{8BC9CEB8-8B4A-11D0-8D11-00A0C91BC942}") = "Utility", "Utility\Utility.vcxproj", "{594615A9-C525-9444-CE3D-1F1B3A9CFAA5}"
EndProject
Global
	GlobalSection(SolutionConfigurationPlatforms) = preSolution
		Debug|x64 = Debug|x64
		Dist|x64 = Dist|x64
		Release|x64 = Release|x64
	EndGlobalSection
	GlobalSection(ProjectConfigurationPlatforms) = postSolution
		{0F982E0D-7BAC-56BE-442E-FA1DB00153EF}.Debug|x64.ActiveCfg = Debug|x64
		{0F982E0D-7BAC-56BE-442E-FA1DB00153EF}.Debug|x64.Build.0 = Debug|x64
		{0F982E0D-7BAC-56BE-442E-FA1DB00153EF}.Dist|x64.ActiveCfg = Dist|x64
		{0F982E0D-7BAC-56BE-442E-FA1DB00153EF}.Dist|x64.Build.0 = Dist|x64
		{0F982E0D-7BAC-56BE-442E-FA1DB00153EF}.Release|x64.ActiveCfg = Release|x64
		{0F982E0D-7BAC-56BE-442E-FA1DB00153EF}.Release|x64.Build.0 = Release|x64
		{A2790B43-8E31-4D90-F738-26ECE30FE880}.Debug|x64.ActiveCfg = Debug|x64
		{A2790B43-8E31-4D90-F738-26ECE30FE880}.Debug|x64.Build.0 = Debug|x64
		{A2790B43-8E31-4D90-F738-26ECE30FE880}.Dist|x64.ActiveCfg = Dist|x64
		{A2790B43-8E31-4D90-F738-26ECE30FE880}.Dist|x64.Build.0 = Dist|x64
		{A2790B43-8E31-4D90-F738-26ECE30FE880}.Release|x64.ActiveCfg = Release|x64
		{A2790B43-8E31-4D90-F738-26ECE30FE880}.Release|x64.Build.0 = Release|x64
		{F4C124E3-60A1-A37E-69B9-2E55D5170AE0}.Debug|x64.ActiveCfg = Debug|x64
		{F4C124E3-60A1-A37E-69B9-2E55D5170AE0}.Debug|x64.Build.0 = Debug|x64
		{F4C124E3-60A1-A37E-69B9-2E55D5170AE0}.Dist|x64.ActiveCfg = Dist|x64
		{F4C124E3-60A1-A37E-69B9-2E55D5170AE0}.Dist|x64.Build.0 = Dist|x64
		{F4C124E3-60A1-A37E-69B9-2E55D5170AE0}.Release|x64.ActiveCfg = Release|x64
		{F4C124E3-60A1-A37E-69B9-2E55D5170AE0}.Release|x64.Build.0 = Release|x64
		{E5A465FE-D171-C009-FA8A-AEB1E6B6F597}.Debug|x64.ActiveCfg = Debug|x64
		{E5A465FE-D171-C009-FA8A-AEB1E6B6F597}.Debug|x64.Build.0 = Debug|x64
		{E5A465FE-D171-C009-FA8A-AEB1E6B6F597}.Dist|x64.ActiveCfg = Dist|x64
		{E5A465FE-D171-C009-FA8A-AEB1E6B6F597}.Dist|x64.Build.0 = Dist|x64
		{E5A465FE-D171-C009-FA8A-AEB1E6B6F597}.Release|x64.ActiveCfg = Release|x64
		{E5A465FE-D171-C009-FA8A-AEB1E6B6F597}.Release|x64.Build.0 = Release|x64
		{594615A9-C525-9444-CE3D-1F1B3A9CFAA5}.Debug|x64.ActiveCfg = Debug|x64
		{594615A9-C525-9444-CE3D-1F1B3A9CFAA5}.Debug|x64.Build.0 = Debug|x64
		{594615A9-C525-9444-CE3D-1F1B3A9CFAA5}.Dist|x64.ActiveCfg = Dist|x64
		{594615A9-C525-9444-CE3D-1F1B3A9CFAA5}.Dist|x64.Build.0 = Dist|x64
		{594615A9-C525-9444-CE3D-1F1B3A9CFAA5}.Release|x64.ActiveCfg = Release|x64
		{594615A9-C525-9444-CE3D-1F1B3A9CFAA5}.Release|x64.Build.0 = Release|x64
	EndGlobalSection
	GlobalSection(SolutionProperties) = preSolution
		HideSolutionNode = FALSE
	EndGlobalSection
EndGlobal
