<?xml version="1.0" encoding="utf-8"?>
<Project ToolsVersion="4.0" xmlns="http://schemas.microsoft.com/developer/msbuild/2003">
  <ItemGroup>
    <Filter Include="Utility">
      <UniqueIdentifier>{594615A9-C525-9444-CE3D-1F1B3A9CFAA5}</UniqueIdentifier>
    </Filter>
    <Filter Include="Utility\BitFlags">
      <UniqueIdentifier>{54064BEE-40FF-6940-6931-4FC55589494C}</UniqueIdentifier>
    </Filter>
  </ItemGroup>
  <ItemGroup>
    <ClCompile Include="src\MainTest.cpp" />
    <ClCompile Include="src\Utility\BitFlags\DoubleByteFlagsTest.cpp">
      <Filter>Utility\BitFlags</Filter>
    </ClCompile>
    <ClCompile Include="src\Utility\BitFlags\OctaByteFlagsTest.cpp">
      <Filter>Utility\BitFlags</Filter>
    </ClCompile>
    <ClCompile Include="src\Utility\BitFlags\QuadByteFlagsTest.cpp">
      <Filter>Utility\BitFlags</Filter>
    </ClCompile>
    <ClCompile Include="src\Utility\BitFlags\SingleByteFlagsTest.cpp">
      <Filter>Utility\BitFlags</Filter>
    </ClCompile>
  </ItemGroup>
</Project>