<?xml version="1.0" encoding="utf-8"?>
<Project ToolsVersion="4.0" xmlns="http://schemas.microsoft.com/developer/msbuild/2003">
  <ItemGroup>
    <Filter Include="BitFlags">
      <UniqueIdentifier>{B116150B-9DE3-6F16-C6FC-5DBEB228A5A4}</UniqueIdentifier>
    </Filter>
    <Filter Include="Composing">
      <UniqueIdentifier>{D48C20B3-40F7-D429-8935-86CFF5DEB27E}</UniqueIdentifier>
    </Filter>
    <Filter Include="Composing\Formattables">
      <UniqueIdentifier>{67DAB3A1-53D4-DCF3-3C41-730428DA4260}</UniqueIdentifier>
    </Filter>
    <Filter Include="Exceptions">
      <UniqueIdentifier>{479CBBB0-3354-FDFD-9C5B-D659883298EE}</UniqueIdentifier>
    </Filter>
    <Filter Include="Logging">
      <UniqueIdentifier>{AC6878E8-1848-F783-2160-825A8DBE5DE5}</UniqueIdentifier>
    </Filter>
    <Filter Include="Numbers">
      <UniqueIdentifier>{A19AD590-0D7A-542C-1692-DF0282F0BA8D}</UniqueIdentifier>
    </Filter>
    <Filter Include="Strings">
      <UniqueIdentifier>{CF17C20F-3BF7-40AB-440F-CC81B06DA70C}</UniqueIdentifier>
    </Filter>
  </ItemGroup>
  <ItemGroup>
    <ClInclude Include="src\BitFlags\BitFlags.h">
      <Filter>BitFlags</Filter>
    </ClInclude>
    <ClInclude Include="src\BitFlags\BitMasks.h">
      <Filter>BitFlags</Filter>
    </ClInclude>
    <ClInclude Include="src\Composing\Composition.h">
      <Filter>Composing</Filter>
    </ClInclude>
    <ClInclude Include="src\Composing\Formattable.h">
      <Filter>Composing</Filter>
    </ClInclude>
    <ClInclude Include="src\Composing\Formattables\FBoolean.h">
      <Filter>Composing\Formattables</Filter>
    </ClInclude>
    <ClInclude Include="src\Composing\Formattables\FChar.h">
      <Filter>Composing\Formattables</Filter>
    </ClInclude>
    <ClInclude Include="src\Composing\Formattables\FFloatingPoint.h">
      <Filter>Composing\Formattables</Filter>
    </ClInclude>
    <ClInclude Include="src\Composing\Formattables\FInteger.h">
      <Filter>Composing\Formattables</Filter>
    </ClInclude>
    <ClInclude Include="src\Composing\Formattables\FString.h">
      <Filter>Composing\Formattables</Filter>
    </ClInclude>
    <ClInclude Include="src\Composing\Formattables\IFormattable.h">
      <Filter>Composing\Formattables</Filter>
    </ClInclude>
    <ClInclude Include="src\Composing\Formatter.h">
      <Filter>Composing</Filter>
    </ClInclude>
    <ClInclude Include="src\ErrorCodes.h" />
    <ClInclude Include="src\Exceptions\BaseException.h">
      <Filter>Exceptions</Filter>
    </ClInclude>
    <ClInclude Include="src\Exceptions\UtilityException.h">
      <Filter>Exceptions</Filter>
    </ClInclude>
    <ClInclude Include="src\Logging\Console.h">
      <Filter>Logging</Filter>
    </ClInclude>
    <ClInclude Include="src\Logging\Logger.h">
      <Filter>Logging</Filter>
    </ClInclude>
    <ClInclude Include="src\Logging\Logging.h">
      <Filter>Logging</Filter>
    </ClInclude>
    <ClInclude Include="src\Macros.h" />
    <ClInclude Include="src\Numbers\NumberUtils.h">
      <Filter>Numbers</Filter>
    </ClInclude>
    <ClInclude Include="src\Strings\StringExtract.h">
      <Filter>Strings</Filter>
    </ClInclude>
    <ClInclude Include="src\UtilityPCH.h" />
  </ItemGroup>
  <ItemGroup>
    <ClCompile Include="src\BitFlags\BitFlags.cpp">
      <Filter>BitFlags</Filter>
    </ClCompile>
    <ClCompile Include="src\Composing\Composition.cpp">
      <Filter>Composing</Filter>
    </ClCompile>
    <ClCompile Include="src\Composing\Formattable.cpp">
      <Filter>Composing</Filter>
    </ClCompile>
    <ClCompile Include="src\Composing\Formattables\FBoolean.cpp">
      <Filter>Composing\Formattables</Filter>
    </ClCompile>
    <ClCompile Include="src\Composing\Formattables\FChar.cpp">
      <Filter>Composing\Formattables</Filter>
    </ClCompile>
    <ClCompile Include="src\Composing\Formattables\FFloatingPoint.cpp">
      <Filter>Composing\Formattables</Filter>
    </ClCompile>
    <ClCompile Include="src\Composing\Formattables\FInteger.cpp">
      <Filter>Composing\Formattables</Filter>
    </ClCompile>
    <ClCompile Include="src\Composing\Formattables\FString.cpp">
      <Filter>Composing\Formattables</Filter>
    </ClCompile>
    <ClCompile Include="src\Composing\Formatter.cpp">
      <Filter>Composing</Filter>
    </ClCompile>
    <ClCompile Include="src\Exceptions\BaseException.cpp">
      <Filter>Exceptions</Filter>
    </ClCompile>
    <ClCompile Include="src\Exceptions\UtilityException.cpp">
      <Filter>Exceptions</Filter>
    </ClCompile>
    <ClCompile Include="src\Logging\Console.cpp">
      <Filter>Logging</Filter>
    </ClCompile>
    <ClCompile Include="src\Logging\Logger.cpp">
      <Filter>Logging</Filter>
    </ClCompile>
    <ClCompile Include="src\Logging\Logging.cpp">
      <Filter>Logging</Filter>
    </ClCompile>
    <ClCompile Include="src\Numbers\NumberUtils.cpp">
      <Filter>Numbers</Filter>
    </ClCompile>
    <ClCompile Include="src\Strings\StringExtract.cpp">
      <Filter>Strings</Filter>
    </ClCompile>
    <ClCompile Include="src\UtilityPCH.cpp" />
  </ItemGroup>
</Project>